{
  "name": "@types/iyzipay",
  "version": "2.0.9999",
  "lockfileVersion": 3,
  "requires": true,
  "packages": {
    "": {
      "name": "@types/iyzipay",
      "version": "2.0.9999",
      "devDependencies": {}
    },
    "@types/iyzipay": {
      "extraneous": true
    },
    "index.d.ts": {
      "extraneous": true
    }
  }
}
